// !$*UTF8*$!
{
	archiveVersion = 1;
	classes = {
	};
	objectVersion = 56;
	objects = {

/* Begin PBXBuildFile section */
		1C0D17192A0A82EB00B1A1E8 /* InventoryCell.swift in Sources */ = {isa = PBXBuildFile; fileRef = 1C0D17182A0A82EB00B1A1E8 /* InventoryCell.swift */; };
		1C0D171D2A0AB6AF00B1A1E8 /* Coordinator.swift in Sources */ = {isa = PBXBuildFile; fileRef = 1C0D171C2A0AB6AF00B1A1E8 /* Coordinator.swift */; };
		1C0D171F2A0AB8E900B1A1E8 /* MainCoordinator.swift in Sources */ = {isa = PBXBuildFile; fileRef = 1C0D171E2A0AB8E900B1A1E8 /* MainCoordinator.swift */; };
		1C0D17212A0ADB3E00B1A1E8 /* PrescriptionDataSource.swift in Sources */ = {isa = PBXBuildFile; fileRef = 1C0D17202A0ADB3E00B1A1E8 /* PrescriptionDataSource.swift */; };
		1C0FB1D72A8865CB006C8BE1 /* Localizable.strings in Resources */ = {isa = PBXBuildFile; fileRef = 1C0FB1D92A8865CB006C8BE1 /* Localizable.strings */; };
		1C1C802029F5895400E57D66 /* PrescriptionListCell.swift in Sources */ = {isa = PBXBuildFile; fileRef = 1C1C801F29F5895400E57D66 /* PrescriptionListCell.swift */; };
		1C1C802229F5D0BD00E57D66 /* PrescriptionDetailViewController.swift in Sources */ = {isa = PBXBuildFile; fileRef = 1C1C802129F5D0BD00E57D66 /* PrescriptionDetailViewController.swift */; };
		1C245E8A29F33A9900AEF9CE /* AppDelegate.swift in Sources */ = {isa = PBXBuildFile; fileRef = 1C245E8929F33A9900AEF9CE /* AppDelegate.swift */; };
		1C245E8C29F33A9900AEF9CE /* SceneDelegate.swift in Sources */ = {isa = PBXBuildFile; fileRef = 1C245E8B29F33A9900AEF9CE /* SceneDelegate.swift */; };
		1C245E8E29F33A9900AEF9CE /* PrescriptionListViewController.swift in Sources */ = {isa = PBXBuildFile; fileRef = 1C245E8D29F33A9900AEF9CE /* PrescriptionListViewController.swift */; };
		1C245E9429F33A9900AEF9CE /* medinow.xcdatamodeld in Sources */ = {isa = PBXBuildFile; fileRef = 1C245E9229F33A9900AEF9CE /* medinow.xcdatamodeld */; };
		1C245E9629F33A9A00AEF9CE /* Assets.xcassets in Resources */ = {isa = PBXBuildFile; fileRef = 1C245E9529F33A9A00AEF9CE /* Assets.xcassets */; };
		1C3A4CE429F845330016AD06 /* DrugPrescriptionModel.swift in Sources */ = {isa = PBXBuildFile; fileRef = 1C3A4CE329F845330016AD06 /* DrugPrescriptionModel.swift */; };
		1C40CA492A7E9634007D7BD8 /* InventoryDetailViewController.swift in Sources */ = {isa = PBXBuildFile; fileRef = 1C40CA482A7E9634007D7BD8 /* InventoryDetailViewController.swift */; };
		1C40CA4B2A7E96F8007D7BD8 /* InventoryService.swift in Sources */ = {isa = PBXBuildFile; fileRef = 1C40CA4A2A7E96F8007D7BD8 /* InventoryService.swift */; };
		1C7C976C29FAAEEE007808FC /* MainTabBarController.swift in Sources */ = {isa = PBXBuildFile; fileRef = 1C7C976B29FAAEEE007808FC /* MainTabBarController.swift */; };
		1CABC08D2A1C0CFF00EA11CE /* InventoryEditViewController.swift in Sources */ = {isa = PBXBuildFile; fileRef = 1CABC08C2A1C0CFF00EA11CE /* InventoryEditViewController.swift */; };
		1CBC16922AA68E1000F4ECEC /* DrugInfoComponent.swift in Sources */ = {isa = PBXBuildFile; fileRef = 1CBC16912AA68E1000F4ECEC /* DrugInfoComponent.swift */; };
		1CD1D3622A958F6B000E8F4F /* TestPrescriptionDataSource.swift in Sources */ = {isa = PBXBuildFile; fileRef = 1CD1D3612A958F6B000E8F4F /* TestPrescriptionDataSource.swift */; };
		1CEE55602A08243A00B96C38 /* InventoryListViewController.swift in Sources */ = {isa = PBXBuildFile; fileRef = 1CEE555F2A08243A00B96C38 /* InventoryListViewController.swift */; };
		1CFC64452A6C793200BA6A42 /* DrugImageCameraController.swift in Sources */ = {isa = PBXBuildFile; fileRef = 1CFC64442A6C793200BA6A42 /* DrugImageCameraController.swift */; };
		1CFC644A2A74C80E00BA6A42 /* InputTextFieldFactory.swift in Sources */ = {isa = PBXBuildFile; fileRef = 1CFC64492A74C80E00BA6A42 /* InputTextFieldFactory.swift */; };
		1CFC644E2A76C06000BA6A42 /* DrugPrescriptionService.swift in Sources */ = {isa = PBXBuildFile; fileRef = 1CFC644D2A76C06000BA6A42 /* DrugPrescriptionService.swift */; };
		1CFC64502A76C27000BA6A42 /* DrugInventoryModel.swift in Sources */ = {isa = PBXBuildFile; fileRef = 1CFC644F2A76C27000BA6A42 /* DrugInventoryModel.swift */; };
/* End PBXBuildFile section */

/* Begin PBXContainerItemProxy section */
		1CD1D3632A958F6B000E8F4F /* PBXContainerItemProxy */ = {
			isa = PBXContainerItemProxy;
			containerPortal = 1C245E7E29F33A9900AEF9CE /* Project object */;
			proxyType = 1;
			remoteGlobalIDString = 1C245E8529F33A9900AEF9CE;
			remoteInfo = Cappie;
		};
/* End PBXContainerItemProxy section */

/* Begin PBXFileReference section */
		1C0D17182A0A82EB00B1A1E8 /* InventoryCell.swift */ = {isa = PBXFileReference; lastKnownFileType = sourcecode.swift; path = InventoryCell.swift; sourceTree = "<group>"; };
		1C0D171C2A0AB6AF00B1A1E8 /* Coordinator.swift */ = {isa = PBXFileReference; lastKnownFileType = sourcecode.swift; path = Coordinator.swift; sourceTree = "<group>"; };
		1C0D171E2A0AB8E900B1A1E8 /* MainCoordinator.swift */ = {isa = PBXFileReference; lastKnownFileType = sourcecode.swift; path = MainCoordinator.swift; sourceTree = "<group>"; };
		1C0D17202A0ADB3E00B1A1E8 /* PrescriptionDataSource.swift */ = {isa = PBXFileReference; lastKnownFileType = sourcecode.swift; path = PrescriptionDataSource.swift; sourceTree = "<group>"; };
		1C0FB1DA2A8865D0006C8BE1 /* zh-Hans */ = {isa = PBXFileReference; lastKnownFileType = text.plist.strings; name = "zh-Hans"; path = "zh-Hans.lproj/Localizable.strings"; sourceTree = "<group>"; };
		1C1C801F29F5895400E57D66 /* PrescriptionListCell.swift */ = {isa = PBXFileReference; lastKnownFileType = sourcecode.swift; path = PrescriptionListCell.swift; sourceTree = "<group>"; };
		1C1C802129F5D0BD00E57D66 /* PrescriptionDetailViewController.swift */ = {isa = PBXFileReference; lastKnownFileType = sourcecode.swift; path = PrescriptionDetailViewController.swift; sourceTree = "<group>"; };
		1C245E8629F33A9900AEF9CE /* Cappie.app */ = {isa = PBXFileReference; explicitFileType = wrapper.application; includeInIndex = 0; path = Cappie.app; sourceTree = BUILT_PRODUCTS_DIR; };
		1C245E8929F33A9900AEF9CE /* AppDelegate.swift */ = {isa = PBXFileReference; lastKnownFileType = sourcecode.swift; path = AppDelegate.swift; sourceTree = "<group>"; };
		1C245E8B29F33A9900AEF9CE /* SceneDelegate.swift */ = {isa = PBXFileReference; lastKnownFileType = sourcecode.swift; path = SceneDelegate.swift; sourceTree = "<group>"; };
		1C245E8D29F33A9900AEF9CE /* PrescriptionListViewController.swift */ = {isa = PBXFileReference; lastKnownFileType = sourcecode.swift; path = PrescriptionListViewController.swift; sourceTree = "<group>"; };
		1C245E9329F33A9900AEF9CE /* medinow.xcdatamodel */ = {isa = PBXFileReference; lastKnownFileType = wrapper.xcdatamodel; path = medinow.xcdatamodel; sourceTree = "<group>"; };
		1C245E9529F33A9A00AEF9CE /* Assets.xcassets */ = {isa = PBXFileReference; lastKnownFileType = folder.assetcatalog; path = Assets.xcassets; sourceTree = "<group>"; };
		1C245E9A29F33A9A00AEF9CE /* Info.plist */ = {isa = PBXFileReference; lastKnownFileType = text.plist.xml; path = Info.plist; sourceTree = "<group>"; };
		1C3A4CE329F845330016AD06 /* DrugPrescriptionModel.swift */ = {isa = PBXFileReference; lastKnownFileType = sourcecode.swift; path = DrugPrescriptionModel.swift; sourceTree = "<group>"; };
		1C40CA482A7E9634007D7BD8 /* InventoryDetailViewController.swift */ = {isa = PBXFileReference; lastKnownFileType = sourcecode.swift; path = InventoryDetailViewController.swift; sourceTree = "<group>"; };
		1C40CA4A2A7E96F8007D7BD8 /* InventoryService.swift */ = {isa = PBXFileReference; lastKnownFileType = sourcecode.swift; path = InventoryService.swift; sourceTree = "<group>"; };
		1C7C976B29FAAEEE007808FC /* MainTabBarController.swift */ = {isa = PBXFileReference; lastKnownFileType = sourcecode.swift; path = MainTabBarController.swift; sourceTree = "<group>"; };
		1CABC08C2A1C0CFF00EA11CE /* InventoryEditViewController.swift */ = {isa = PBXFileReference; lastKnownFileType = sourcecode.swift; path = InventoryEditViewController.swift; sourceTree = "<group>"; };
		1CBC16912AA68E1000F4ECEC /* DrugInfoComponent.swift */ = {isa = PBXFileReference; lastKnownFileType = sourcecode.swift; path = DrugInfoComponent.swift; sourceTree = "<group>"; };
		1CD1D35F2A958F6B000E8F4F /* CappieTests.xctest */ = {isa = PBXFileReference; explicitFileType = wrapper.cfbundle; includeInIndex = 0; path = CappieTests.xctest; sourceTree = BUILT_PRODUCTS_DIR; };
		1CD1D3612A958F6B000E8F4F /* TestPrescriptionDataSource.swift */ = {isa = PBXFileReference; lastKnownFileType = sourcecode.swift; path = TestPrescriptionDataSource.swift; sourceTree = "<group>"; };
		1CEE555F2A08243A00B96C38 /* InventoryListViewController.swift */ = {isa = PBXFileReference; lastKnownFileType = sourcecode.swift; path = InventoryListViewController.swift; sourceTree = "<group>"; };
		1CFC64442A6C793200BA6A42 /* DrugImageCameraController.swift */ = {isa = PBXFileReference; lastKnownFileType = sourcecode.swift; path = DrugImageCameraController.swift; sourceTree = "<group>"; };
		1CFC64492A74C80E00BA6A42 /* InputTextFieldFactory.swift */ = {isa = PBXFileReference; lastKnownFileType = sourcecode.swift; path = InputTextFieldFactory.swift; sourceTree = "<group>"; };
		1CFC644D2A76C06000BA6A42 /* DrugPrescriptionService.swift */ = {isa = PBXFileReference; lastKnownFileType = sourcecode.swift; path = DrugPrescriptionService.swift; sourceTree = "<group>"; };
		1CFC644F2A76C27000BA6A42 /* DrugInventoryModel.swift */ = {isa = PBXFileReference; lastKnownFileType = sourcecode.swift; path = DrugInventoryModel.swift; sourceTree = "<group>"; };
/* End PBXFileReference section */

/* Begin PBXFrameworksBuildPhase section */
		1C245E8329F33A9900AEF9CE /* Frameworks */ = {
			isa = PBXFrameworksBuildPhase;
			buildActionMask = 2147483647;
			files = (
			);
			runOnlyForDeploymentPostprocessing = 0;
		};
		1CD1D35C2A958F6B000E8F4F /* Frameworks */ = {
			isa = PBXFrameworksBuildPhase;
			buildActionMask = 2147483647;
			files = (
			);
			runOnlyForDeploymentPostprocessing = 0;
		};
/* End PBXFrameworksBuildPhase section */

/* Begin PBXGroup section */
		1C245E7D29F33A9900AEF9CE = {
			isa = PBXGroup;
			children = (
				1CD1D3602A958F6B000E8F4F /* CappieTests */,
				1C245E8829F33A9900AEF9CE /* medinow */,
				1C245E8729F33A9900AEF9CE /* Products */,
			);
			sourceTree = "<group>";
		};
		1C245E8729F33A9900AEF9CE /* Products */ = {
			isa = PBXGroup;
			children = (
				1C245E8629F33A9900AEF9CE /* Cappie.app */,
				1CD1D35F2A958F6B000E8F4F /* CappieTests.xctest */,
			);
			name = Products;
			sourceTree = "<group>";
		};
		1C245E8829F33A9900AEF9CE /* medinow */ = {
			isa = PBXGroup;
			children = (
				1CFC64482A6D784800BA6A42 /* Global */,
				1CFC64462A6D780400BA6A42 /* Perscription */,
				1CFC64472A6D782200BA6A42 /* Inventory */,
				1C245E9529F33A9A00AEF9CE /* Assets.xcassets */,
				1C245E9A29F33A9A00AEF9CE /* Info.plist */,
				1C245E9229F33A9900AEF9CE /* medinow.xcdatamodeld */,
			);
			path = medinow;
			sourceTree = "<group>";
		};
		1CD1D3602A958F6B000E8F4F /* CappieTests */ = {
			isa = PBXGroup;
			children = (
				1CD1D3612A958F6B000E8F4F /* TestPrescriptionDataSource.swift */,
			);
			path = CappieTests;
			sourceTree = "<group>";
		};
		1CFC64462A6D780400BA6A42 /* Perscription */ = {
			isa = PBXGroup;
			children = (
				1CFC644D2A76C06000BA6A42 /* DrugPrescriptionService.swift */,
				1C0D17202A0ADB3E00B1A1E8 /* PrescriptionDataSource.swift */,
				1C245E8D29F33A9900AEF9CE /* PrescriptionListViewController.swift */,
				1C1C801F29F5895400E57D66 /* PrescriptionListCell.swift */,
				1C1C802129F5D0BD00E57D66 /* PrescriptionDetailViewController.swift */,
				1C3A4CE329F845330016AD06 /* DrugPrescriptionModel.swift */,
			);
			name = Perscription;
			sourceTree = "<group>";
		};
		1CFC64472A6D782200BA6A42 /* Inventory */ = {
			isa = PBXGroup;
			children = (
				1C40CA4A2A7E96F8007D7BD8 /* InventoryService.swift */,
				1C40CA482A7E9634007D7BD8 /* InventoryDetailViewController.swift */,
				1CABC08C2A1C0CFF00EA11CE /* InventoryEditViewController.swift */,
				1CEE555F2A08243A00B96C38 /* InventoryListViewController.swift */,
				1C0D17182A0A82EB00B1A1E8 /* InventoryCell.swift */,
				1CFC64442A6C793200BA6A42 /* DrugImageCameraController.swift */,
				1CFC644F2A76C27000BA6A42 /* DrugInventoryModel.swift */,
			);
			name = Inventory;
			sourceTree = "<group>";
		};
		1CFC64482A6D784800BA6A42 /* Global */ = {
			isa = PBXGroup;
			children = (
				1C245E8929F33A9900AEF9CE /* AppDelegate.swift */,
				1C245E8B29F33A9900AEF9CE /* SceneDelegate.swift */,
				1C7C976B29FAAEEE007808FC /* MainTabBarController.swift */,
				1C0D171C2A0AB6AF00B1A1E8 /* Coordinator.swift */,
				1C0D171E2A0AB8E900B1A1E8 /* MainCoordinator.swift */,
				1CFC64492A74C80E00BA6A42 /* InputTextFieldFactory.swift */,
				1C0FB1D92A8865CB006C8BE1 /* Localizable.strings */,
				1CBC16912AA68E1000F4ECEC /* DrugInfoComponent.swift */,
			);
			name = Global;
			sourceTree = "<group>";
		};
/* End PBXGroup section */

/* Begin PBXNativeTarget section */
		1C245E8529F33A9900AEF9CE /* Cappie */ = {
			isa = PBXNativeTarget;
			buildConfigurationList = 1C245E9D29F33A9A00AEF9CE /* Build configuration list for PBXNativeTarget "Cappie" */;
			buildPhases = (
				1C245E8229F33A9900AEF9CE /* Sources */,
				1C245E8329F33A9900AEF9CE /* Frameworks */,
				1C245E8429F33A9900AEF9CE /* Resources */,
			);
			buildRules = (
			);
			dependencies = (
			);
			name = Cappie;
			productName = medinow;
			productReference = 1C245E8629F33A9900AEF9CE /* Cappie.app */;
			productType = "com.apple.product-type.application";
		};
		1CD1D35E2A958F6B000E8F4F /* CappieTests */ = {
			isa = PBXNativeTarget;
			buildConfigurationList = 1CD1D3672A958F6B000E8F4F /* Build configuration list for PBXNativeTarget "CappieTests" */;
			buildPhases = (
				1CD1D35B2A958F6B000E8F4F /* Sources */,
				1CD1D35C2A958F6B000E8F4F /* Frameworks */,
				1CD1D35D2A958F6B000E8F4F /* Resources */,
			);
			buildRules = (
			);
			dependencies = (
				1CD1D3642A958F6B000E8F4F /* PBXTargetDependency */,
			);
			name = CappieTests;
			productName = CappieTests;
			productReference = 1CD1D35F2A958F6B000E8F4F /* CappieTests.xctest */;
			productType = "com.apple.product-type.bundle.unit-test";
		};
/* End PBXNativeTarget section */

/* Begin PBXProject section */
		1C245E7E29F33A9900AEF9CE /* Project object */ = {
			isa = PBXProject;
			attributes = {
				BuildIndependentTargetsInParallel = 1;
				LastSwiftUpdateCheck = 1430;
				LastUpgradeCheck = 1400;
				TargetAttributes = {
					1C245E8529F33A9900AEF9CE = {
						CreatedOnToolsVersion = 14.0;
					};
					1CD1D35E2A958F6B000E8F4F = {
						CreatedOnToolsVersion = 14.3;
						TestTargetID = 1C245E8529F33A9900AEF9CE;
					};
				};
			};
			buildConfigurationList = 1C245E8129F33A9900AEF9CE /* Build configuration list for PBXProject "Cappie" */;
			compatibilityVersion = "Xcode 14.0";
			developmentRegion = en;
			hasScannedForEncodings = 0;
			knownRegions = (
				en,
				Base,
				"zh-Hans",
			);
			mainGroup = 1C245E7D29F33A9900AEF9CE;
			productRefGroup = 1C245E8729F33A9900AEF9CE /* Products */;
			projectDirPath = "";
			projectRoot = "";
			targets = (
				1C245E8529F33A9900AEF9CE /* Cappie */,
				1CD1D35E2A958F6B000E8F4F /* CappieTests */,
			);
		};
/* End PBXProject section */

/* Begin PBXResourcesBuildPhase section */
		1C245E8429F33A9900AEF9CE /* Resources */ = {
			isa = PBXResourcesBuildPhase;
			buildActionMask = 2147483647;
			files = (
				1C245E9629F33A9A00AEF9CE /* Assets.xcassets in Resources */,
				1C0FB1D72A8865CB006C8BE1 /* Localizable.strings in Resources */,
			);
			runOnlyForDeploymentPostprocessing = 0;
		};
		1CD1D35D2A958F6B000E8F4F /* Resources */ = {
			isa = PBXResourcesBuildPhase;
			buildActionMask = 2147483647;
			files = (
			);
			runOnlyForDeploymentPostprocessing = 0;
		};
/* End PBXResourcesBuildPhase section */

/* Begin PBXSourcesBuildPhase section */
		1C245E8229F33A9900AEF9CE /* Sources */ = {
			isa = PBXSourcesBuildPhase;
			buildActionMask = 2147483647;
			files = (
				1C40CA4B2A7E96F8007D7BD8 /* InventoryService.swift in Sources */,
				1C245E8E29F33A9900AEF9CE /* PrescriptionListViewController.swift in Sources */,
				1C3A4CE429F845330016AD06 /* DrugPrescriptionModel.swift in Sources */,
				1C7C976C29FAAEEE007808FC /* MainTabBarController.swift in Sources */,
				1CFC644E2A76C06000BA6A42 /* DrugPrescriptionService.swift in Sources */,
				1C245E8A29F33A9900AEF9CE /* AppDelegate.swift in Sources */,
				1C1C802229F5D0BD00E57D66 /* PrescriptionDetailViewController.swift in Sources */,
				1C245E8C29F33A9900AEF9CE /* SceneDelegate.swift in Sources */,
				1C245E9429F33A9900AEF9CE /* medinow.xcdatamodeld in Sources */,
				1CABC08D2A1C0CFF00EA11CE /* InventoryEditViewController.swift in Sources */,
				1C0D171D2A0AB6AF00B1A1E8 /* Coordinator.swift in Sources */,
				1CFC644A2A74C80E00BA6A42 /* InputTextFieldFactory.swift in Sources */,
				1CFC64502A76C27000BA6A42 /* DrugInventoryModel.swift in Sources */,
				1CEE55602A08243A00B96C38 /* InventoryListViewController.swift in Sources */,
				1C0D17212A0ADB3E00B1A1E8 /* PrescriptionDataSource.swift in Sources */,
				1CFC64452A6C793200BA6A42 /* DrugImageCameraController.swift in Sources */,
				1C40CA492A7E9634007D7BD8 /* InventoryDetailViewController.swift in Sources */,
				1C0D171F2A0AB8E900B1A1E8 /* MainCoordinator.swift in Sources */,
				1C0D17192A0A82EB00B1A1E8 /* InventoryCell.swift in Sources */,
				1C1C802029F5895400E57D66 /* PrescriptionListCell.swift in Sources */,
				1CBC16922AA68E1000F4ECEC /* DrugInfoComponent.swift in Sources */,
			);
			runOnlyForDeploymentPostprocessing = 0;
		};
		1CD1D35B2A958F6B000E8F4F /* Sources */ = {
			isa = PBXSourcesBuildPhase;
			buildActionMask = 2147483647;
			files = (
				1CD1D3622A958F6B000E8F4F /* TestPrescriptionDataSource.swift in Sources */,
			);
			runOnlyForDeploymentPostprocessing = 0;
		};
/* End PBXSourcesBuildPhase section */

/* Begin PBXTargetDependency section */
		1CD1D3642A958F6B000E8F4F /* PBXTargetDependency */ = {
			isa = PBXTargetDependency;
			target = 1C245E8529F33A9900AEF9CE /* Cappie */;
			targetProxy = 1CD1D3632A958F6B000E8F4F /* PBXContainerItemProxy */;
		};
/* End PBXTargetDependency section */

/* Begin PBXVariantGroup section */
		1C0FB1D92A8865CB006C8BE1 /* Localizable.strings */ = {
			isa = PBXVariantGroup;
			children = (
				1C0FB1DA2A8865D0006C8BE1 /* zh-Hans */,
			);
			name = Localizable.strings;
			sourceTree = "<group>";
		};
/* End PBXVariantGroup section */

/* Begin XCBuildConfiguration section */
		1C245E9B29F33A9A00AEF9CE /* Debug */ = {
			isa = XCBuildConfiguration;
			buildSettings = {
				ALWAYS_SEARCH_USER_PATHS = NO;
				CLANG_ANALYZER_NONNULL = YES;
				CLANG_ANALYZER_NUMBER_OBJECT_CONVERSION = YES_AGGRESSIVE;
				CLANG_CXX_LANGUAGE_STANDARD = "gnu++20";
				CLANG_ENABLE_MODULES = YES;
				CLANG_ENABLE_OBJC_ARC = YES;
				CLANG_ENABLE_OBJC_WEAK = YES;
				CLANG_WARN_BLOCK_CAPTURE_AUTORELEASING = YES;
				CLANG_WARN_BOOL_CONVERSION = YES;
				CLANG_WARN_COMMA = YES;
				CLANG_WARN_CONSTANT_CONVERSION = YES;
				CLANG_WARN_DEPRECATED_OBJC_IMPLEMENTATIONS = YES;
				CLANG_WARN_DIRECT_OBJC_ISA_USAGE = YES_ERROR;
				CLANG_WARN_DOCUMENTATION_COMMENTS = YES;
				CLANG_WARN_EMPTY_BODY = YES;
				CLANG_WARN_ENUM_CONVERSION = YES;
				CLANG_WARN_INFINITE_RECURSION = YES;
				CLANG_WARN_INT_CONVERSION = YES;
				CLANG_WARN_NON_LITERAL_NULL_CONVERSION = YES;
				CLANG_WARN_OBJC_IMPLICIT_RETAIN_SELF = YES;
				CLANG_WARN_OBJC_LITERAL_CONVERSION = YES;
				CLANG_WARN_OBJC_ROOT_CLASS = YES_ERROR;
				CLANG_WARN_QUOTED_INCLUDE_IN_FRAMEWORK_HEADER = YES;
				CLANG_WARN_RANGE_LOOP_ANALYSIS = YES;
				CLANG_WARN_STRICT_PROTOTYPES = YES;
				CLANG_WARN_SUSPICIOUS_MOVE = YES;
				CLANG_WARN_UNGUARDED_AVAILABILITY = YES_AGGRESSIVE;
				CLANG_WARN_UNREACHABLE_CODE = YES;
				CLANG_WARN__DUPLICATE_METHOD_MATCH = YES;
				COPY_PHASE_STRIP = NO;
				DEBUG_INFORMATION_FORMAT = dwarf;
				ENABLE_STRICT_OBJC_MSGSEND = YES;
				ENABLE_TESTABILITY = YES;
				GCC_C_LANGUAGE_STANDARD = gnu11;
				GCC_DYNAMIC_NO_PIC = NO;
				GCC_NO_COMMON_BLOCKS = YES;
				GCC_OPTIMIZATION_LEVEL = 0;
				GCC_PREPROCESSOR_DEFINITIONS = (
					"DEBUG=1",
					"$(inherited)",
				);
				GCC_WARN_64_TO_32_BIT_CONVERSION = YES;
				GCC_WARN_ABOUT_RETURN_TYPE = YES_ERROR;
				GCC_WARN_UNDECLARED_SELECTOR = YES;
				GCC_WARN_UNINITIALIZED_AUTOS = YES_AGGRESSIVE;
				GCC_WARN_UNUSED_FUNCTION = YES;
				GCC_WARN_UNUSED_VARIABLE = YES;
				IPHONEOS_DEPLOYMENT_TARGET = 16.0;
				MTL_ENABLE_DEBUG_INFO = INCLUDE_SOURCE;
				MTL_FAST_MATH = YES;
				ONLY_ACTIVE_ARCH = YES;
				SDKROOT = iphoneos;
				SWIFT_ACTIVE_COMPILATION_CONDITIONS = DEBUG;
				SWIFT_OPTIMIZATION_LEVEL = "-Onone";
			};
			name = Debug;
		};
		1C245E9C29F33A9A00AEF9CE /* Release */ = {
			isa = XCBuildConfiguration;
			buildSettings = {
				ALWAYS_SEARCH_USER_PATHS = NO;
				CLANG_ANALYZER_NONNULL = YES;
				CLANG_ANALYZER_NUMBER_OBJECT_CONVERSION = YES_AGGRESSIVE;
				CLANG_CXX_LANGUAGE_STANDARD = "gnu++20";
				CLANG_ENABLE_MODULES = YES;
				CLANG_ENABLE_OBJC_ARC = YES;
				CLANG_ENABLE_OBJC_WEAK = YES;
				CLANG_WARN_BLOCK_CAPTURE_AUTORELEASING = YES;
				CLANG_WARN_BOOL_CONVERSION = YES;
				CLANG_WARN_COMMA = YES;
				CLANG_WARN_CONSTANT_CONVERSION = YES;
				CLANG_WARN_DEPRECATED_OBJC_IMPLEMENTATIONS = YES;
				CLANG_WARN_DIRECT_OBJC_ISA_USAGE = YES_ERROR;
				CLANG_WARN_DOCUMENTATION_COMMENTS = YES;
				CLANG_WARN_EMPTY_BODY = YES;
				CLANG_WARN_ENUM_CONVERSION = YES;
				CLANG_WARN_INFINITE_RECURSION = YES;
				CLANG_WARN_INT_CONVERSION = YES;
				CLANG_WARN_NON_LITERAL_NULL_CONVERSION = YES;
				CLANG_WARN_OBJC_IMPLICIT_RETAIN_SELF = YES;
				CLANG_WARN_OBJC_LITERAL_CONVERSION = YES;
				CLANG_WARN_OBJC_ROOT_CLASS = YES_ERROR;
				CLANG_WARN_QUOTED_INCLUDE_IN_FRAMEWORK_HEADER = YES;
				CLANG_WARN_RANGE_LOOP_ANALYSIS = YES;
				CLANG_WARN_STRICT_PROTOTYPES = YES;
				CLANG_WARN_SUSPICIOUS_MOVE = YES;
				CLANG_WARN_UNGUARDED_AVAILABILITY = YES_AGGRESSIVE;
				CLANG_WARN_UNREACHABLE_CODE = YES;
				CLANG_WARN__DUPLICATE_METHOD_MATCH = YES;
				COPY_PHASE_STRIP = NO;
				DEBUG_INFORMATION_FORMAT = "dwarf-with-dsym";
				ENABLE_NS_ASSERTIONS = NO;
				ENABLE_STRICT_OBJC_MSGSEND = YES;
				GCC_C_LANGUAGE_STANDARD = gnu11;
				GCC_NO_COMMON_BLOCKS = YES;
				GCC_WARN_64_TO_32_BIT_CONVERSION = YES;
				GCC_WARN_ABOUT_RETURN_TYPE = YES_ERROR;
				GCC_WARN_UNDECLARED_SELECTOR = YES;
				GCC_WARN_UNINITIALIZED_AUTOS = YES_AGGRESSIVE;
				GCC_WARN_UNUSED_FUNCTION = YES;
				GCC_WARN_UNUSED_VARIABLE = YES;
				IPHONEOS_DEPLOYMENT_TARGET = 16.0;
				MTL_ENABLE_DEBUG_INFO = NO;
				MTL_FAST_MATH = YES;
				SDKROOT = iphoneos;
				SWIFT_COMPILATION_MODE = wholemodule;
				SWIFT_OPTIMIZATION_LEVEL = "-O";
				VALIDATE_PRODUCT = YES;
			};
			name = Release;
		};
		1C245E9E29F33A9A00AEF9CE /* Debug */ = {
			isa = XCBuildConfiguration;
			buildSettings = {
				ASSETCATALOG_COMPILER_APPICON_NAME = AppIcon;
				ASSETCATALOG_COMPILER_GLOBAL_ACCENT_COLOR_NAME = AccentColor;
				ASSETCATALOG_COMPILER_INCLUDE_ALL_APPICON_ASSETS = YES;
				CODE_SIGN_ENTITLEMENTS = medinow/medinow.entitlements;
				CODE_SIGN_IDENTITY = "Apple Development";
				CODE_SIGN_STYLE = Automatic;
				CURRENT_PROJECT_VERSION = 2;
				DEVELOPMENT_TEAM = DDF2RRVJ39;
				GENERATE_INFOPLIST_FILE = YES;
				INFOPLIST_FILE = medinow/Info.plist;
				INFOPLIST_KEY_CFBundleDisplayName = Cappie;
				INFOPLIST_KEY_NSCameraUsageDescription = "To recognize drug description";
				INFOPLIST_KEY_UIApplicationSupportsIndirectInputEvents = YES;
				INFOPLIST_KEY_UISupportedInterfaceOrientations = UIInterfaceOrientationPortrait;
				INFOPLIST_KEY_UISupportedInterfaceOrientations_iPad = "UIInterfaceOrientationLandscapeLeft UIInterfaceOrientationLandscapeRight UIInterfaceOrientationPortrait UIInterfaceOrientationPortraitUpsideDown";
				LD_RUNPATH_SEARCH_PATHS = (
					"$(inherited)",
					"@executable_path/Frameworks",
				);
				MARKETING_VERSION = 1.0;
				PRODUCT_BUNDLE_IDENTIFIER = dashu.cappie;
				PRODUCT_NAME = "$(TARGET_NAME)";
				PROVISIONING_PROFILE_SPECIFIER = "";
				SUPPORTED_PLATFORMS = "iphoneos iphonesimulator";
				SUPPORTS_MACCATALYST = NO;
				SUPPORTS_MAC_DESIGNED_FOR_IPHONE_IPAD = NO;
				SWIFT_EMIT_LOC_STRINGS = YES;
				SWIFT_VERSION = 5.0;
				TARGETED_DEVICE_FAMILY = "1,2";
			};
			name = Debug;
		};
		1C245E9F29F33A9A00AEF9CE /* Release */ = {
			isa = XCBuildConfiguration;
			buildSettings = {
				ASSETCATALOG_COMPILER_APPICON_NAME = AppIcon;
				ASSETCATALOG_COMPILER_GLOBAL_ACCENT_COLOR_NAME = AccentColor;
				ASSETCATALOG_COMPILER_INCLUDE_ALL_APPICON_ASSETS = YES;
				CODE_SIGN_ENTITLEMENTS = medinow/medinow.entitlements;
				CODE_SIGN_IDENTITY = "Apple Development";
				CODE_SIGN_STYLE = Automatic;
				CURRENT_PROJECT_VERSION = 2;
				DEVELOPMENT_TEAM = DDF2RRVJ39;
				GENERATE_INFOPLIST_FILE = YES;
				INFOPLIST_FILE = medinow/Info.plist;
				INFOPLIST_KEY_CFBundleDisplayName = Cappie;
				INFOPLIST_KEY_NSCameraUsageDescription = "To recognize drug description";
				INFOPLIST_KEY_UIApplicationSupportsIndirectInputEvents = YES;
				INFOPLIST_KEY_UISupportedInterfaceOrientations = UIInterfaceOrientationPortrait;
				INFOPLIST_KEY_UISupportedInterfaceOrientations_iPad = "UIInterfaceOrientationLandscapeLeft UIInterfaceOrientationLandscapeRight UIInterfaceOrientationPortrait UIInterfaceOrientationPortraitUpsideDown";
				LD_RUNPATH_SEARCH_PATHS = (
					"$(inherited)",
					"@executable_path/Frameworks",
				);
				MARKETING_VERSION = 1.0;
				PRODUCT_BUNDLE_IDENTIFIER = dashu.cappie;
				PRODUCT_NAME = "$(TARGET_NAME)";
				PROVISIONING_PROFILE_SPECIFIER = "";
				SUPPORTED_PLATFORMS = "iphoneos iphonesimulator";
				SUPPORTS_MACCATALYST = NO;
				SUPPORTS_MAC_DESIGNED_FOR_IPHONE_IPAD = NO;
				SWIFT_EMIT_LOC_STRINGS = YES;
				SWIFT_VERSION = 5.0;
				TARGETED_DEVICE_FAMILY = "1,2";
			};
			name = Release;
		};
		1CD1D3652A958F6B000E8F4F /* Debug */ = {
			isa = XCBuildConfiguration;
			buildSettings = {
				BUNDLE_LOADER = "$(TEST_HOST)";
				CODE_SIGN_STYLE = Automatic;
				CURRENT_PROJECT_VERSION = 1;
				DEVELOPMENT_TEAM = DDF2RRVJ39;
				GENERATE_INFOPLIST_FILE = YES;
				IPHONEOS_DEPLOYMENT_TARGET = 16.4;
				MARKETING_VERSION = 1.0;
				PRODUCT_BUNDLE_IDENTIFIER = dashu.CappieTests;
				PRODUCT_NAME = "$(TARGET_NAME)";
				SWIFT_EMIT_LOC_STRINGS = NO;
				SWIFT_VERSION = 5.0;
				TARGETED_DEVICE_FAMILY = "1,2";
				TEST_HOST = "$(BUILT_PRODUCTS_DIR)/Cappie.app/$(BUNDLE_EXECUTABLE_FOLDER_PATH)/Cappie";
			};
			name = Debug;
		};
		1CD1D3662A958F6B000E8F4F /* Release */ = {
			isa = XCBuildConfiguration;
			buildSettings = {
				BUNDLE_LOADER = "$(TEST_HOST)";
				CODE_SIGN_STYLE = Automatic;
				CURRENT_PROJECT_VERSION = 1;
				DEVELOPMENT_TEAM = DDF2RRVJ39;
				GENERATE_INFOPLIST_FILE = YES;
				IPHONEOS_DEPLOYMENT_TARGET = 16.4;
				MARKETING_VERSION = 1.0;
				PRODUCT_BUNDLE_IDENTIFIER = dashu.CappieTests;
				PRODUCT_NAME = "$(TARGET_NAME)";
				SWIFT_EMIT_LOC_STRINGS = NO;
				SWIFT_VERSION = 5.0;
				TARGETED_DEVICE_FAMILY = "1,2";
				TEST_HOST = "$(BUILT_PRODUCTS_DIR)/Cappie.app/$(BUNDLE_EXECUTABLE_FOLDER_PATH)/Cappie";
			};
			name = Release;
		};
/* End XCBuildConfiguration section */

/* Begin XCConfigurationList section */
		1C245E8129F33A9900AEF9CE /* Build configuration list for PBXProject "Cappie" */ = {
			isa = XCConfigurationList;
			buildConfigurations = (
				1C245E9B29F33A9A00AEF9CE /* Debug */,
				1C245E9C29F33A9A00AEF9CE /* Release */,
			);
			defaultConfigurationIsVisible = 0;
			defaultConfigurationName = Release;
		};
		1C245E9D29F33A9A00AEF9CE /* Build configuration list for PBXNativeTarget "Cappie" */ = {
			isa = XCConfigurationList;
			buildConfigurations = (
				1C245E9E29F33A9A00AEF9CE /* Debug */,
				1C245E9F29F33A9A00AEF9CE /* Release */,
			);
			defaultConfigurationIsVisible = 0;
			defaultConfigurationName = Release;
		};
		1CD1D3672A958F6B000E8F4F /* Build configuration list for PBXNativeTarget "CappieTests" */ = {
			isa = XCConfigurationList;
			buildConfigurations = (
				1CD1D3652A958F6B000E8F4F /* Debug */,
				1CD1D3662A958F6B000E8F4F /* Release */,
			);
			defaultConfigurationIsVisible = 0;
			defaultConfigurationName = Release;
		};
/* End XCConfigurationList section */

/* Begin XCVersionGroup section */
		1C245E9229F33A9900AEF9CE /* medinow.xcdatamodeld */ = {
			isa = XCVersionGroup;
			children = (
				1C245E9329F33A9900AEF9CE /* medinow.xcdatamodel */,
			);
			currentVersion = 1C245E9329F33A9900AEF9CE /* medinow.xcdatamodel */;
			path = medinow.xcdatamodeld;
			sourceTree = "<group>";
			versionGroupType = wrapper.xcdatamodel;
		};
/* End XCVersionGroup section */
	};
	rootObject = 1C245E7E29F33A9900AEF9CE /* Project object */;
}
